
Microsoft Visual Studio Solution File, Format Version 12.00
# Visual Studio Version 17
VisualStudioVersion = 17.1.32228.430
MinimumVisualStudioVersion = 10.0.40219.1
Project("{FAE04EC0-301F-11D3-BF4B-00C04F79EFBC}") = "ReedBooks", "ReedBooks.csproj", "{2AB466E8-CE93-424E-B870-00B6926096BD}"
EndProject
Global
	GlobalSection(SolutionConfigurationPlatforms) = preSolution
		Debug|Any CPU = Debug|Any CPU
		Release|Any CPU = Release|Any CPU
	EndGlobalSection
	GlobalSection(ProjectConfigurationPlatforms) = postSolution
		{2AB466E8-CE93-424E-B870-00B6926096BD}.Debug|Any CPU.ActiveCfg = Debug|Any CPU
		{2AB466E8-CE93-424E-B870-00B6926096BD}.Debug|Any CPU.Build.0 = Debug|Any CPU
		{2AB466E8-CE93-424E-B870-00B6926096BD}.Release|Any CPU.ActiveCfg = Release|Any CPU
		{2AB466E8-CE93-424E-B870-00B6926096BD}.Release|Any CPU.Build.0 = Release|Any CPU
	EndGlobalSection
	GlobalSection(SolutionProperties) = preSolution
		HideSolutionNode = FALSE
	EndGlobalSection
	GlobalSection(ExtensibilityGlobals) = postSolution
		SolutionGuid = {77CB3E91-5723-4594-8421-0F20B198B0AE}
	EndGlobalSection
EndGlobal
